
Microsoft Visual Studio Solution File, Format Version 12.00
# Visual Studio Version 17
VisualStudioVersion = 17.3.32922.545
MinimumVisualStudioVersion = 10.0.40219.1
Project("{FAE04EC0-301F-11D3-BF4B-00C04F79EFBC}") = "PSXLink", "PSXLink\PSXLink.csproj", "{A5FBE32F-BFD5-4FCE-8349-3466B2C82E8A}"
EndProject
Global
	GlobalSection(SolutionConfigurationPlatforms) = preSolution
		Debug|Any CPU = Debug|Any CPU
		Release|Any CPU = Release|Any CPU
	EndGlobalSection
	GlobalSection(ProjectConfigurationPlatforms) = postSolution
		{A5FBE32F-BFD5-4FCE-8349-3466B2C82E8A}.Debug|Any CPU.ActiveCfg = Debug|Any CPU
		{A5FBE32F-BFD5-4FCE-8349-3466B2C82E8A}.Debug|Any CPU.Build.0 = Debug|Any CPU
		{A5FBE32F-BFD5-4FCE-8349-3466B2C82E8A}.Release|Any CPU.ActiveCfg = Release|Any CPU
		{A5FBE32F-BFD5-4FCE-8349-3466B2C82E8A}.Release|Any CPU.Build.0 = Release|Any CPU
	EndGlobalSection
	GlobalSection(SolutionProperties) = preSolution
		HideSolutionNode = FALSE
	EndGlobalSection
	GlobalSection(ExtensibilityGlobals) = postSolution
		SolutionGuid = {084E5074-42C0-4311-A696-84DBCC23D9E4}
	EndGlobalSection
EndGlobal
